
Microsoft Visual Studio Solution File, Format Version 12.00
# Visual Studio Version 16
VisualStudioVersion = 16.0.31410.357
MinimumVisualStudioVersion = 10.0.40219.1
Project("{FAE04EC0-301F-11D3-BF4B-00C04F79EFBC}") = "ImportExportExcel", "ImportExportExcel.csproj", "{5F01C8F5-E0B7-4E0C-AA18-D52B706C1F44}"
EndProject
Global
	GlobalSection(SolutionConfigurationPlatforms) = preSolution
		Debug|Any CPU = Debug|Any CPU
		Release|Any CPU = Release|Any CPU
	EndGlobalSection
	GlobalSection(ProjectConfigurationPlatforms) = postSolution
		{5F01C8F5-E0B7-4E0C-AA18-D52B706C1F44}.Debug|Any CPU.ActiveCfg = Debug|Any CPU
		{5F01C8F5-E0B7-4E0C-AA18-D52B706C1F44}.Debug|Any CPU.Build.0 = Debug|Any CPU
		{5F01C8F5-E0B7-4E0C-AA18-D52B706C1F44}.Release|Any CPU.ActiveCfg = Release|Any CPU
		{5F01C8F5-E0B7-4E0C-AA18-D52B706C1F44}.Release|Any CPU.Build.0 = Release|Any CPU
	EndGlobalSection
	GlobalSection(SolutionProperties) = preSolution
		HideSolutionNode = FALSE
	EndGlobalSection
	GlobalSection(ExtensibilityGlobals) = postSolution
		SolutionGuid = {2E953DA3-504E-4C2D-8F04-75E6D31E6379}
	EndGlobalSection
EndGlobal
